
Microsoft Visual Studio Solution File, Format Version 12.00
# Visual Studio 15
VisualStudioVersion = 15.0.26730.12
MinimumVisualStudioVersion = 10.0.40219.1
Project("{FAE04EC0-301F-11D3-BF4B-00C04F79EFBC}") = "UploadingSample", "UploadingSample\UploadingSample.csproj", "{7AC9C193-7D7C-4C18-A9E7-FCB7FFE40B7D}"
EndProject
Global
	GlobalSection(SolutionConfigurationPlatforms) = preSolution
		Debug|Any CPU = Debug|Any CPU
		Release|Any CPU = Release|Any CPU
	EndGlobalSection
	GlobalSection(ProjectConfigurationPlatforms) = postSolution
		{7AC9C193-7D7C-4C18-A9E7-FCB7FFE40B7D}.Debug|Any CPU.ActiveCfg = Debug|Any CPU
		{7AC9C193-7D7C-4C18-A9E7-FCB7FFE40B7D}.Debug|Any CPU.Build.0 = Debug|Any CPU
		{7AC9C193-7D7C-4C18-A9E7-FCB7FFE40B7D}.Release|Any CPU.ActiveCfg = Release|Any CPU
		{7AC9C193-7D7C-4C18-A9E7-FCB7FFE40B7D}.Release|Any CPU.Build.0 = Release|Any CPU
	EndGlobalSection
	GlobalSection(SolutionProperties) = preSolution
		HideSolutionNode = FALSE
	EndGlobalSection
	GlobalSection(ExtensibilityGlobals) = postSolution
		SolutionGuid = {B802A0C9-A7CC-4643-A619-FAF47297393D}
	EndGlobalSection
EndGlobal
